// !$*UTF8*$!
{
	archiveVersion = 1;
	classes = {
	};
	objectVersion = 70;
	objects = {

/* Begin PBXBuildFile section */
		0702BA902AACC9A800525BE2 /* XAINetRequest.swift in Sources */ = {isa = PBXBuildFile; fileRef = 0702BA8F2AACC9A800525BE2 /* XAINetRequest.swift */; };
		0702BA932AAE0C0F00525BE2 /* XBMSpeechViewModel.swift in Sources */ = {isa = PBXBuildFile; fileRef = 0702BA922AAE0C0F00525BE2 /* XBMSpeechViewModel.swift */; };
		0754B8F12AAC744400C8787D /* AISleepStoryApp.swift in Sources */ = {isa = PBXBuildFile; fileRef = 0754B8F02AAC744400C8787D /* AISleepStoryApp.swift */; };
		0754B8F32AAC744400C8787D /* XBMSpeechStoryView.swift in Sources */ = {isa = PBXBuildFile; fileRef = 0754B8F22AAC744400C8787D /* XBMSpeechStoryView.swift */; };
		0754B8F52AAC744700C8787D /* Assets.xcassets in Resources */ = {isa = PBXBuildFile; fileRef = 0754B8F42AAC744700C8787D /* Assets.xcassets */; };
		0754B8F82AAC744700C8787D /* Preview Assets.xcassets in Resources */ = {isa = PBXBuildFile; fileRef = 0754B8F72AAC744700C8787D /* Preview Assets.xcassets */; };
		0754B9022AAC744800C8787D /* AISleepStoryTests.swift in Sources */ = {isa = PBXBuildFile; fileRef = 0754B9012AAC744800C8787D /* AISleepStoryTests.swift */; };
		0754B90C2AAC744800C8787D /* AISleepStoryUITests.swift in Sources */ = {isa = PBXBuildFile; fileRef = 0754B90B2AAC744800C8787D /* AISleepStoryUITests.swift */; };
		0754B90E2AAC744800C8787D /* AISleepStoryUITestsLaunchTests.swift in Sources */ = {isa = PBXBuildFile; fileRef = 0754B90D2AAC744800C8787D /* AISleepStoryUITestsLaunchTests.swift */; };
		0754B9582AAC964800C8787D /* AVFoundation.framework in Frameworks */ = {isa = PBXBuildFile; fileRef = 0754B9572AAC964800C8787D /* AVFoundation.framework */; };
		076E34632AB4A54B00C70204 /* SelectSpeakerView.swift in Sources */ = {isa = PBXBuildFile; fileRef = 076E34622AB4A54B00C70204 /* SelectSpeakerView.swift */; };
		076E34662AB4A64100C70204 /* SelectSpeakerViewModel.swift in Sources */ = {isa = PBXBuildFile; fileRef = 076E34652AB4A64100C70204 /* SelectSpeakerViewModel.swift */; };
		076E346C2AB54B6C00C70204 /* Speaker.swift in Sources */ = {isa = PBXBuildFile; fileRef = 076E346B2AB54B6C00C70204 /* Speaker.swift */; };
		076E347A2AB6E4A600C70204 /* SpeakText.swift in Sources */ = {isa = PBXBuildFile; fileRef = 076E34792AB6E4A600C70204 /* SpeakText.swift */; };
		0793F5FB2AC1BBF600A04FA6 /* Subscrilbe.swift in Sources */ = {isa = PBXBuildFile; fileRef = 0793F5FA2AC1BBF600A04FA6 /* Subscrilbe.swift */; };
		0793F5FE2AC1BC1500A04FA6 /* SubscribeViewModel.swift in Sources */ = {isa = PBXBuildFile; fileRef = 0793F5FD2AC1BC1500A04FA6 /* SubscribeViewModel.swift */; };
		07BC60412AC18B5E00186164 /* Launch Screen.storyboard in Resources */ = {isa = PBXBuildFile; fileRef = 07BC60402AC18B5E00186164 /* Launch Screen.storyboard */; };
		280DD92EA0B1F1F86993664A /* Pods_AISleepStoryTests.framework in Frameworks */ = {isa = PBXBuildFile; fileRef = B14137DF5329BF6B7C4EE7C4 /* Pods_AISleepStoryTests.framework */; };
		597A38BBF5873CFD2A99ABA4 /* Pods_AISleepStory.framework in Frameworks */ = {isa = PBXBuildFile; fileRef = 9B017CE3EDADBC63ADE1FDA3 /* Pods_AISleepStory.framework */; };
		CC9D2187B2B3E41869FA8CCC /* Pods_AISleepStory_AISleepStoryUITests.framework in Frameworks */ = {isa = PBXBuildFile; fileRef = 0437889B60E79C90A28874E2 /* Pods_AISleepStory_AISleepStoryUITests.framework */; };
/* End PBXBuildFile section */

/* Begin PBXContainerItemProxy section */
		0754B8FE2AAC744800C8787D /* PBXContainerItemProxy */ = {
			isa = PBXContainerItemProxy;
			containerPortal = 0754B8E52AAC744400C8787D /* Project object */;
			proxyType = 1;
			remoteGlobalIDString = 0754B8EC2AAC744400C8787D;
			remoteInfo = AISleepStory;
		};
		0754B9082AAC744800C8787D /* PBXContainerItemProxy */ = {
			isa = PBXContainerItemProxy;
			containerPortal = 0754B8E52AAC744400C8787D /* Project object */;
			proxyType = 1;
			remoteGlobalIDString = 0754B8EC2AAC744400C8787D;
			remoteInfo = AISleepStory;
		};
/* End PBXContainerItemProxy section */

/* Begin PBXFileReference section */
		0437889B60E79C90A28874E2 /* Pods_AISleepStory_AISleepStoryUITests.framework */ = {isa = PBXFileReference; explicitFileType = wrapper.framework; includeInIndex = 0; path = Pods_AISleepStory_AISleepStoryUITests.framework; sourceTree = BUILT_PRODUCTS_DIR; };
		0702BA8F2AACC9A800525BE2 /* XAINetRequest.swift */ = {isa = PBXFileReference; lastKnownFileType = sourcecode.swift; path = XAINetRequest.swift; sourceTree = "<group>"; };
		0702BA912AAD688F00525BE2 /* Info.plist */ = {isa = PBXFileReference; lastKnownFileType = text.plist; path = Info.plist; sourceTree = "<group>"; };
		0702BA922AAE0C0F00525BE2 /* XBMSpeechViewModel.swift */ = {isa = PBXFileReference; lastKnownFileType = sourcecode.swift; path = XBMSpeechViewModel.swift; sourceTree = "<group>"; };
		0754B8ED2AAC744400C8787D /* AISleepStory.app */ = {isa = PBXFileReference; explicitFileType = wrapper.application; includeInIndex = 0; path = AISleepStory.app; sourceTree = BUILT_PRODUCTS_DIR; };
		0754B8F02AAC744400C8787D /* AISleepStoryApp.swift */ = {isa = PBXFileReference; lastKnownFileType = sourcecode.swift; path = AISleepStoryApp.swift; sourceTree = "<group>"; };
		0754B8F22AAC744400C8787D /* XBMSpeechStoryView.swift */ = {isa = PBXFileReference; lastKnownFileType = sourcecode.swift; path = XBMSpeechStoryView.swift; sourceTree = "<group>"; };
		0754B8F42AAC744700C8787D /* Assets.xcassets */ = {isa = PBXFileReference; lastKnownFileType = folder.assetcatalog; path = Assets.xcassets; sourceTree = "<group>"; };
		0754B8F72AAC744700C8787D /* Preview Assets.xcassets */ = {isa = PBXFileReference; lastKnownFileType = folder.assetcatalog; path = "Preview Assets.xcassets"; sourceTree = "<group>"; };
		0754B8FD2AAC744800C8787D /* AISleepStoryTests.xctest */ = {isa = PBXFileReference; explicitFileType = wrapper.cfbundle; includeInIndex = 0; path = AISleepStoryTests.xctest; sourceTree = BUILT_PRODUCTS_DIR; };
		0754B9012AAC744800C8787D /* AISleepStoryTests.swift */ = {isa = PBXFileReference; lastKnownFileType = sourcecode.swift; path = AISleepStoryTests.swift; sourceTree = "<group>"; };
		0754B9072AAC744800C8787D /* AISleepStoryUITests.xctest */ = {isa = PBXFileReference; explicitFileType = wrapper.cfbundle; includeInIndex = 0; path = AISleepStoryUITests.xctest; sourceTree = BUILT_PRODUCTS_DIR; };
		0754B90B2AAC744800C8787D /* AISleepStoryUITests.swift */ = {isa = PBXFileReference; lastKnownFileType = sourcecode.swift; path = AISleepStoryUITests.swift; sourceTree = "<group>"; };
		0754B90D2AAC744800C8787D /* AISleepStoryUITestsLaunchTests.swift */ = {isa = PBXFileReference; lastKnownFileType = sourcecode.swift; path = AISleepStoryUITestsLaunchTests.swift; sourceTree = "<group>"; };
		0754B9572AAC964800C8787D /* AVFoundation.framework */ = {isa = PBXFileReference; lastKnownFileType = wrapper.framework; name = AVFoundation.framework; path = System/Library/Frameworks/AVFoundation.framework; sourceTree = SDKROOT; };
		076E34622AB4A54B00C70204 /* SelectSpeakerView.swift */ = {isa = PBXFileReference; lastKnownFileType = sourcecode.swift; path = SelectSpeakerView.swift; sourceTree = "<group>"; };
		076E34652AB4A64100C70204 /* SelectSpeakerViewModel.swift */ = {isa = PBXFileReference; lastKnownFileType = sourcecode.swift; path = SelectSpeakerViewModel.swift; sourceTree = "<group>"; };
		076E346B2AB54B6C00C70204 /* Speaker.swift */ = {isa = PBXFileReference; lastKnownFileType = sourcecode.swift; path = Speaker.swift; sourceTree = "<group>"; };
		076E34792AB6E4A600C70204 /* SpeakText.swift */ = {isa = PBXFileReference; lastKnownFileType = sourcecode.swift; path = SpeakText.swift; sourceTree = "<group>"; };
		0793F5FA2AC1BBF600A04FA6 /* Subscrilbe.swift */ = {isa = PBXFileReference; lastKnownFileType = sourcecode.swift; path = Subscrilbe.swift; sourceTree = "<group>"; };
		0793F5FD2AC1BC1500A04FA6 /* SubscribeViewModel.swift */ = {isa = PBXFileReference; lastKnownFileType = sourcecode.swift; path = SubscribeViewModel.swift; sourceTree = "<group>"; };
		07BC60402AC18B5E00186164 /* Launch Screen.storyboard */ = {isa = PBXFileReference; lastKnownFileType = file.storyboard; path = "Launch Screen.storyboard"; sourceTree = "<group>"; };
		22268B8A704F2C0BB9917623 /* Pods-AISleepStory-AISleepStoryUITests.debug.xcconfig */ = {isa = PBXFileReference; includeInIndex = 1; lastKnownFileType = text.xcconfig; name = "Pods-AISleepStory-AISleepStoryUITests.debug.xcconfig"; path = "Target Support Files/Pods-AISleepStory-AISleepStoryUITests/Pods-AISleepStory-AISleepStoryUITests.debug.xcconfig"; sourceTree = "<group>"; };
		2B57787836A60B420ACEFBF3 /* Pods-AISleepStory-AISleepStoryUITests.release.xcconfig */ = {isa = PBXFileReference; includeInIndex = 1; lastKnownFileType = text.xcconfig; name = "Pods-AISleepStory-AISleepStoryUITests.release.xcconfig"; path = "Target Support Files/Pods-AISleepStory-AISleepStoryUITests/Pods-AISleepStory-AISleepStoryUITests.release.xcconfig"; sourceTree = "<group>"; };
		44B443FE1F60D2D69C5FD0BD /* Pods-AISleepStoryTests.debug.xcconfig */ = {isa = PBXFileReference; includeInIndex = 1; lastKnownFileType = text.xcconfig; name = "Pods-AISleepStoryTests.debug.xcconfig"; path = "Target Support Files/Pods-AISleepStoryTests/Pods-AISleepStoryTests.debug.xcconfig"; sourceTree = "<group>"; };
		7511DFB43F2C1B21902C8D1D /* Pods-AISleepStory.release.xcconfig */ = {isa = PBXFileReference; includeInIndex = 1; lastKnownFileType = text.xcconfig; name = "Pods-AISleepStory.release.xcconfig"; path = "Target Support Files/Pods-AISleepStory/Pods-AISleepStory.release.xcconfig"; sourceTree = "<group>"; };
		9B017CE3EDADBC63ADE1FDA3 /* Pods_AISleepStory.framework */ = {isa = PBXFileReference; explicitFileType = wrapper.framework; includeInIndex = 0; path = Pods_AISleepStory.framework; sourceTree = BUILT_PRODUCTS_DIR; };
		A2A472481ECA331E2518F897 /* Pods-AISleepStoryTests.release.xcconfig */ = {isa = PBXFileReference; includeInIndex = 1; lastKnownFileType = text.xcconfig; name = "Pods-AISleepStoryTests.release.xcconfig"; path = "Target Support Files/Pods-AISleepStoryTests/Pods-AISleepStoryTests.release.xcconfig"; sourceTree = "<group>"; };
		A8AA957558D433D14EB2993B /* Pods-AISleepStory.debug.xcconfig */ = {isa = PBXFileReference; includeInIndex = 1; lastKnownFileType = text.xcconfig; name = "Pods-AISleepStory.debug.xcconfig"; path = "Target Support Files/Pods-AISleepStory/Pods-AISleepStory.debug.xcconfig"; sourceTree = "<group>"; };
		B14137DF5329BF6B7C4EE7C4 /* Pods_AISleepStoryTests.framework */ = {isa = PBXFileReference; explicitFileType = wrapper.framework; includeInIndex = 0; path = Pods_AISleepStoryTests.framework; sourceTree = BUILT_PRODUCTS_DIR; };
/* End PBXFileReference section */

/* Begin PBXFileSystemSynchronizedBuildFileExceptionSet section */
		07E877152C394EFE00B90261 /* PBXFileSystemSynchronizedBuildFileExceptionSet */ = {
			isa = PBXFileSystemSynchronizedBuildFileExceptionSet;
			membershipExceptions = (
				BlurView.swift,
			);
			target = 0754B8EC2AAC744400C8787D /* AISleepStory */;
		};
/* End PBXFileSystemSynchronizedBuildFileExceptionSet section */

/* Begin PBXFrameworksBuildPhase section */
		0754B8EA2AAC744400C8787D /* Frameworks */ = {
			isa = PBXFrameworksBuildPhase;
			buildActionMask = 2147483647;
			files = (
				0754B9582AAC964800C8787D /* AVFoundation.framework in Frameworks */,
				597A38BBF5873CFD2A99ABA4 /* Pods_AISleepStory.framework in Frameworks */,
			);
			runOnlyForDeploymentPostprocessing = 0;
		};
		0754B8FA2AAC744800C8787D /* Frameworks */ = {
			isa = PBXFrameworksBuildPhase;
			buildActionMask = 2147483647;
			files = (
				280DD92EA0B1F1F86993664A /* Pods_AISleepStoryTests.framework in Frameworks */,
			);
			runOnlyForDeploymentPostprocessing = 0;
		};
		0754B9042AAC744800C8787D /* Frameworks */ = {
			isa = PBXFrameworksBuildPhase;
			buildActionMask = 2147483647;
			files = (
				CC9D2187B2B3E41869FA8CCC /* Pods_AISleepStory_AISleepStoryUITests.framework in Frameworks */,
			);
			runOnlyForDeploymentPostprocessing = 0;
		};
/* End PBXFrameworksBuildPhase section */

/* Begin PBXGroup section */
		0754B8E42AAC744400C8787D = {
			isa = PBXGroup;
			children = (
				0754B8EF2AAC744400C8787D /* AISleepStory */,
				0754B9002AAC744800C8787D /* AISleepStoryTests */,
				0754B90A2AAC744800C8787D /* AISleepStoryUITests */,
				0754B8EE2AAC744400C8787D /* Products */,
				0754B9562AAC964700C8787D /* Frameworks */,
				905CF0FB5A9BCFF8F61D1F0F /* Pods */,
			);
			sourceTree = "<group>";
		};
		0754B8EE2AAC744400C8787D /* Products */ = {
			isa = PBXGroup;
			children = (
				0754B8ED2AAC744400C8787D /* AISleepStory.app */,
				0754B8FD2AAC744800C8787D /* AISleepStoryTests.xctest */,
				0754B9072AAC744800C8787D /* AISleepStoryUITests.xctest */,
			);
			name = Products;
			sourceTree = "<group>";
		};
		0754B8EF2AAC744400C8787D /* AISleepStory */ = {
			isa = PBXGroup;
			children = (
				0793F5F92AC1BB0000A04FA6 /* AppleSubscribe */,
				076E34712AB5FAEA00C70204 /* Common */,
				076E34752AB6E45E00C70204 /* Home */,
				076E345F2AB4A2C500C70204 /* SelectSpeaker */,
				0702BA912AAD688F00525BE2 /* Info.plist */,
				0754B8F02AAC744400C8787D /* AISleepStoryApp.swift */,
				0754B8F42AAC744700C8787D /* Assets.xcassets */,
				0754B8F62AAC744700C8787D /* Preview Content */,
				07BC60402AC18B5E00186164 /* Launch Screen.storyboard */,
			);
			path = AISleepStory;
			sourceTree = "<group>";
		};
		0754B8F62AAC744700C8787D /* Preview Content */ = {
			isa = PBXGroup;
			children = (
				0754B8F72AAC744700C8787D /* Preview Assets.xcassets */,
			);
			path = "Preview Content";
			sourceTree = "<group>";
		};
		0754B9002AAC744800C8787D /* AISleepStoryTests */ = {
			isa = PBXGroup;
			children = (
				0754B9012AAC744800C8787D /* AISleepStoryTests.swift */,
			);
			path = AISleepStoryTests;
			sourceTree = "<group>";
		};
		0754B90A2AAC744800C8787D /* AISleepStoryUITests */ = {
			isa = PBXGroup;
			children = (
				0754B90B2AAC744800C8787D /* AISleepStoryUITests.swift */,
				0754B90D2AAC744800C8787D /* AISleepStoryUITestsLaunchTests.swift */,
			);
			path = AISleepStoryUITests;
			sourceTree = "<group>";
		};
		0754B9562AAC964700C8787D /* Frameworks */ = {
			isa = PBXGroup;
			children = (
				0754B9572AAC964800C8787D /* AVFoundation.framework */,
				9B017CE3EDADBC63ADE1FDA3 /* Pods_AISleepStory.framework */,
				0437889B60E79C90A28874E2 /* Pods_AISleepStory_AISleepStoryUITests.framework */,
				B14137DF5329BF6B7C4EE7C4 /* Pods_AISleepStoryTests.framework */,
			);
			name = Frameworks;
			sourceTree = "<group>";
		};
		076E345F2AB4A2C500C70204 /* SelectSpeaker */ = {
			isa = PBXGroup;
			children = (
				076E34672AB54B1C00C70204 /* Model */,
				076E34642AB4A62A00C70204 /* ViewModel */,
				076E34622AB4A54B00C70204 /* SelectSpeakerView.swift */,
			);
			path = SelectSpeaker;
			sourceTree = "<group>";
		};
		076E34642AB4A62A00C70204 /* ViewModel */ = {
			isa = PBXGroup;
			children = (
				076E34652AB4A64100C70204 /* SelectSpeakerViewModel.swift */,
			);
			path = ViewModel;
			sourceTree = "<group>";
		};
		076E34672AB54B1C00C70204 /* Model */ = {
			isa = PBXGroup;
			children = (
				076E346B2AB54B6C00C70204 /* Speaker.swift */,
			);
			path = Model;
			sourceTree = "<group>";
		};
		076E34712AB5FAEA00C70204 /* Common */ = {
			isa = PBXGroup;
			children = (
				07E877112C394EB700B90261 /* Components */,
				076E34772AB6E47F00C70204 /* Net */,
				076E34722AB5FAEF00C70204 /* Extension */,
			);
			path = Common;
			sourceTree = "<group>";
		};
		076E34722AB5FAEF00C70204 /* Extension */ = {
			isa = PBXGroup;
			children = (
			);
			path = Extension;
			sourceTree = "<group>";
		};
		076E34752AB6E45E00C70204 /* Home */ = {
			isa = PBXGroup;
			children = (
				076E34782AB6E48D00C70204 /* Model */,
				076E34762AB6E47200C70204 /* ViewModel */,
				0754B8F22AAC744400C8787D /* XBMSpeechStoryView.swift */,
			);
			path = Home;
			sourceTree = "<group>";
		};
		076E34762AB6E47200C70204 /* ViewModel */ = {
			isa = PBXGroup;
			children = (
				0702BA922AAE0C0F00525BE2 /* XBMSpeechViewModel.swift */,
			);
			path = ViewModel;
			sourceTree = "<group>";
		};
		076E34772AB6E47F00C70204 /* Net */ = {
			isa = PBXGroup;
			children = (
				0702BA8F2AACC9A800525BE2 /* XAINetRequest.swift */,
			);
			path = Net;
			sourceTree = "<group>";
		};
		076E34782AB6E48D00C70204 /* Model */ = {
			isa = PBXGroup;
			children = (
				076E34792AB6E4A600C70204 /* SpeakText.swift */,
			);
			path = Model;
			sourceTree = "<group>";
		};
		0793F5F92AC1BB0000A04FA6 /* AppleSubscribe */ = {
			isa = PBXGroup;
			children = (
				0793F5FC2AC1BC0100A04FA6 /* ViewModel */,
				0793F5FA2AC1BBF600A04FA6 /* Subscrilbe.swift */,
			);
			path = AppleSubscribe;
			sourceTree = "<group>";
		};
		0793F5FC2AC1BC0100A04FA6 /* ViewModel */ = {
			isa = PBXGroup;
			children = (
				0793F5FD2AC1BC1500A04FA6 /* SubscribeViewModel.swift */,
			);
			path = ViewModel;
			sourceTree = "<group>";
		};
		905CF0FB5A9BCFF8F61D1F0F /* Pods */ = {
			isa = PBXGroup;
			children = (
				A8AA957558D433D14EB2993B /* Pods-AISleepStory.debug.xcconfig */,
				7511DFB43F2C1B21902C8D1D /* Pods-AISleepStory.release.xcconfig */,
				22268B8A704F2C0BB9917623 /* Pods-AISleepStory-AISleepStoryUITests.debug.xcconfig */,
				2B57787836A60B420ACEFBF3 /* Pods-AISleepStory-AISleepStoryUITests.release.xcconfig */,
				44B443FE1F60D2D69C5FD0BD /* Pods-AISleepStoryTests.debug.xcconfig */,
				A2A472481ECA331E2518F897 /* Pods-AISleepStoryTests.release.xcconfig */,
			);
			path = Pods;
			sourceTree = "<group>";
		};
/* End PBXGroup section */

/* Begin PBXNativeTarget section */
		0754B8EC2AAC744400C8787D /* AISleepStory */ = {
			isa = PBXNativeTarget;
			buildConfigurationList = 0754B9112AAC744800C8787D /* Build configuration list for PBXNativeTarget "AISleepStory" */;
			buildPhases = (
				B4CC2AD93B0607C0702B1066 /* [CP] Check Pods Manifest.lock */,
				0754B8E92AAC744400C8787D /* Sources */,
				0754B8EA2AAC744400C8787D /* Frameworks */,
				0754B8EB2AAC744400C8787D /* Resources */,
				BFEB643BF09BF91E628CD521 /* [CP] Embed Pods Frameworks */,
			);
			buildRules = (
			);
			dependencies = (
			);
			name = AISleepStory;
			productName = AISleepStory;
			productReference = 0754B8ED2AAC744400C8787D /* AISleepStory.app */;
			productType = "com.apple.product-type.application";
		};
		0754B8FC2AAC744800C8787D /* AISleepStoryTests */ = {
			isa = PBXNativeTarget;
			buildConfigurationList = 0754B9142AAC744800C8787D /* Build configuration list for PBXNativeTarget "AISleepStoryTests" */;
			buildPhases = (
				C54C7F0836368C7FF8AE6C85 /* [CP] Check Pods Manifest.lock */,
				0754B8F92AAC744800C8787D /* Sources */,
				0754B8FA2AAC744800C8787D /* Frameworks */,
				0754B8FB2AAC744800C8787D /* Resources */,
			);
			buildRules = (
			);
			dependencies = (
				0754B8FF2AAC744800C8787D /* PBXTargetDependency */,
			);
			name = AISleepStoryTests;
			productName = AISleepStoryTests;
			productReference = 0754B8FD2AAC744800C8787D /* AISleepStoryTests.xctest */;
			productType = "com.apple.product-type.bundle.unit-test";
		};
		0754B9062AAC744800C8787D /* AISleepStoryUITests */ = {
			isa = PBXNativeTarget;
			buildConfigurationList = 0754B9172AAC744800C8787D /* Build configuration list for PBXNativeTarget "AISleepStoryUITests" */;
			buildPhases = (
				86612BB82B5FFEC638DA8C15 /* [CP] Check Pods Manifest.lock */,
				0754B9032AAC744800C8787D /* Sources */,
				0754B9042AAC744800C8787D /* Frameworks */,
				0754B9052AAC744800C8787D /* Resources */,
				1E200E976634000E71A84319 /* [CP] Embed Pods Frameworks */,
			);
			buildRules = (
			);
			dependencies = (
				0754B9092AAC744800C8787D /* PBXTargetDependency */,
			);
			name = AISleepStoryUITests;
			productName = AISleepStoryUITests;
			productReference = 0754B9072AAC744800C8787D /* AISleepStoryUITests.xctest */;
			productType = "com.apple.product-type.bundle.ui-testing";
		};
/* End PBXNativeTarget section */

/* Begin PBXProject section */
		0754B8E52AAC744400C8787D /* Project object */ = {
			isa = PBXProject;
			attributes = {
				BuildIndependentTargetsInParallel = 1;
				LastSwiftUpdateCheck = 1420;
				LastUpgradeCheck = 1420;
				TargetAttributes = {
					0754B8EC2AAC744400C8787D = {
						CreatedOnToolsVersion = 14.2;
					};
					0754B8FC2AAC744800C8787D = {
						CreatedOnToolsVersion = 14.2;
						TestTargetID = 0754B8EC2AAC744400C8787D;
					};
					0754B9062AAC744800C8787D = {
						CreatedOnToolsVersion = 14.2;
						TestTargetID = 0754B8EC2AAC744400C8787D;
					};
				};
			};
			buildConfigurationList = 0754B8E82AAC744400C8787D /* Build configuration list for PBXProject "AISleepStory" */;
			compatibilityVersion = "Xcode 14.0";
			developmentRegion = en;
			hasScannedForEncodings = 0;
			knownRegions = (
				en,
				Base,
			);
			mainGroup = 0754B8E42AAC744400C8787D;
			productRefGroup = 0754B8EE2AAC744400C8787D /* Products */;
			projectDirPath = "";
			projectRoot = "";
			targets = (
				0754B8EC2AAC744400C8787D /* AISleepStory */,
				0754B8FC2AAC744800C8787D /* AISleepStoryTests */,
				0754B9062AAC744800C8787D /* AISleepStoryUITests */,
			);
		};
/* End PBXProject section */

/* Begin PBXResourcesBuildPhase section */
		0754B8EB2AAC744400C8787D /* Resources */ = {
			isa = PBXResourcesBuildPhase;
			buildActionMask = 2147483647;
			files = (
				07BC60412AC18B5E00186164 /* Launch Screen.storyboard in Resources */,
				0754B8F82AAC744700C8787D /* Preview Assets.xcassets in Resources */,
				0754B8F52AAC744700C8787D /* Assets.xcassets in Resources */,
			);
			runOnlyForDeploymentPostprocessing = 0;
		};
		0754B8FB2AAC744800C8787D /* Resources */ = {
			isa = PBXResourcesBuildPhase;
			buildActionMask = 2147483647;
			files = (
			);
			runOnlyForDeploymentPostprocessing = 0;
		};
		0754B9052AAC744800C8787D /* Resources */ = {
			isa = PBXResourcesBuildPhase;
			buildActionMask = 2147483647;
			files = (
			);
			runOnlyForDeploymentPostprocessing = 0;
		};
/* End PBXResourcesBuildPhase section */

/* Begin PBXShellScriptBuildPhase section */
		1E200E976634000E71A84319 /* [CP] Embed Pods Frameworks */ = {
			isa = PBXShellScriptBuildPhase;
			buildActionMask = 2147483647;
			files = (
			);
			inputFileListPaths = (
				"${PODS_ROOT}/Target Support Files/Pods-AISleepStory-AISleepStoryUITests/Pods-AISleepStory-AISleepStoryUITests-frameworks-${CONFIGURATION}-input-files.xcfilelist",
			);
			name = "[CP] Embed Pods Frameworks";
			outputFileListPaths = (
				"${PODS_ROOT}/Target Support Files/Pods-AISleepStory-AISleepStoryUITests/Pods-AISleepStory-AISleepStoryUITests-frameworks-${CONFIGURATION}-output-files.xcfilelist",
			);
			runOnlyForDeploymentPostprocessing = 0;
			shellPath = /bin/sh;
			shellScript = "\"${PODS_ROOT}/Target Support Files/Pods-AISleepStory-AISleepStoryUITests/Pods-AISleepStory-AISleepStoryUITests-frameworks.sh\"\n";
			showEnvVarsInLog = 0;
		};
		86612BB82B5FFEC638DA8C15 /* [CP] Check Pods Manifest.lock */ = {
			isa = PBXShellScriptBuildPhase;
			buildActionMask = 2147483647;
			files = (
			);
			inputFileListPaths = (
			);
			inputPaths = (
				"${PODS_PODFILE_DIR_PATH}/Podfile.lock",
				"${PODS_ROOT}/Manifest.lock",
			);
			name = "[CP] Check Pods Manifest.lock";
			outputFileListPaths = (
			);
			outputPaths = (
				"$(DERIVED_FILE_DIR)/Pods-AISleepStory-AISleepStoryUITests-checkManifestLockResult.txt",
			);
			runOnlyForDeploymentPostprocessing = 0;
			shellPath = /bin/sh;
			shellScript = "diff \"${PODS_PODFILE_DIR_PATH}/Podfile.lock\" \"${PODS_ROOT}/Manifest.lock\" > /dev/null\nif [ $? != 0 ] ; then\n    # print error to STDERR\n    echo \"error: The sandbox is not in sync with the Podfile.lock. Run 'pod install' or update your CocoaPods installation.\" >&2\n    exit 1\nfi\n# This output is used by Xcode 'outputs' to avoid re-running this script phase.\necho \"SUCCESS\" > \"${SCRIPT_OUTPUT_FILE_0}\"\n";
			showEnvVarsInLog = 0;
		};
		B4CC2AD93B0607C0702B1066 /* [CP] Check Pods Manifest.lock */ = {
			isa = PBXShellScriptBuildPhase;
			buildActionMask = 2147483647;
			files = (
			);
			inputFileListPaths = (
			);
			inputPaths = (
				"${PODS_PODFILE_DIR_PATH}/Podfile.lock",
				"${PODS_ROOT}/Manifest.lock",
			);
			name = "[CP] Check Pods Manifest.lock";
			outputFileListPaths = (
			);
			outputPaths = (
				"$(DERIVED_FILE_DIR)/Pods-AISleepStory-checkManifestLockResult.txt",
			);
			runOnlyForDeploymentPostprocessing = 0;
			shellPath = /bin/sh;
			shellScript = "diff \"${PODS_PODFILE_DIR_PATH}/Podfile.lock\" \"${PODS_ROOT}/Manifest.lock\" > /dev/null\nif [ $? != 0 ] ; then\n    # print error to STDERR\n    echo \"error: The sandbox is not in sync with the Podfile.lock. Run 'pod install' or update your CocoaPods installation.\" >&2\n    exit 1\nfi\n# This output is used by Xcode 'outputs' to avoid re-running this script phase.\necho \"SUCCESS\" > \"${SCRIPT_OUTPUT_FILE_0}\"\n";
			showEnvVarsInLog = 0;
		};
		BFEB643BF09BF91E628CD521 /* [CP] Embed Pods Frameworks */ = {
			isa = PBXShellScriptBuildPhase;
			buildActionMask = 2147483647;
			files = (
			);
			inputFileListPaths = (
				"${PODS_ROOT}/Target Support Files/Pods-AISleepStory/Pods-AISleepStory-frameworks-${CONFIGURATION}-input-files.xcfilelist",
			);
			name = "[CP] Embed Pods Frameworks";
			outputFileListPaths = (
				"${PODS_ROOT}/Target Support Files/Pods-AISleepStory/Pods-AISleepStory-frameworks-${CONFIGURATION}-output-files.xcfilelist",
			);
			runOnlyForDeploymentPostprocessing = 0;
			shellPath = /bin/sh;
			shellScript = "\"${PODS_ROOT}/Target Support Files/Pods-AISleepStory/Pods-AISleepStory-frameworks.sh\"\n";
			showEnvVarsInLog = 0;
		};
		C54C7F0836368C7FF8AE6C85 /* [CP] Check Pods Manifest.lock */ = {
			isa = PBXShellScriptBuildPhase;
			buildActionMask = 2147483647;
			files = (
			);
			inputFileListPaths = (
			);
			inputPaths = (
				"${PODS_PODFILE_DIR_PATH}/Podfile.lock",
				"${PODS_ROOT}/Manifest.lock",
			);
			name = "[CP] Check Pods Manifest.lock";
			outputFileListPaths = (
			);
			outputPaths = (
				"$(DERIVED_FILE_DIR)/Pods-AISleepStoryTests-checkManifestLockResult.txt",
			);
			runOnlyForDeploymentPostprocessing = 0;
			shellPath = /bin/sh;
			shellScript = "diff \"${PODS_PODFILE_DIR_PATH}/Podfile.lock\" \"${PODS_ROOT}/Manifest.lock\" > /dev/null\nif [ $? != 0 ] ; then\n    # print error to STDERR\n    echo \"error: The sandbox is not in sync with the Podfile.lock. Run 'pod install' or update your CocoaPods installation.\" >&2\n    exit 1\nfi\n# This output is used by Xcode 'outputs' to avoid re-running this script phase.\necho \"SUCCESS\" > \"${SCRIPT_OUTPUT_FILE_0}\"\n";
			showEnvVarsInLog = 0;
		};
/* End PBXShellScriptBuildPhase section */

/* Begin PBXSourcesBuildPhase section */
		0754B8E92AAC744400C8787D /* Sources */ = {
			isa = PBXSourcesBuildPhase;
			buildActionMask = 2147483647;
			files = (
				076E34662AB4A64100C70204 /* SelectSpeakerViewModel.swift in Sources */,
				0754B8F32AAC744400C8787D /* XBMSpeechStoryView.swift in Sources */,
				0754B8F12AAC744400C8787D /* AISleepStoryApp.swift in Sources */,
				076E347A2AB6E4A600C70204 /* SpeakText.swift in Sources */,
				0793F5FE2AC1BC1500A04FA6 /* SubscribeViewModel.swift in Sources */,
				076E34632AB4A54B00C70204 /* SelectSpeakerView.swift in Sources */,
				076E346C2AB54B6C00C70204 /* Speaker.swift in Sources */,
				0702BA932AAE0C0F00525BE2 /* XBMSpeechViewModel.swift in Sources */,
				0793F5FB2AC1BBF600A04FA6 /* Subscrilbe.swift in Sources */,
				0702BA902AACC9A800525BE2 /* XAINetRequest.swift in Sources */,
			);
			runOnlyForDeploymentPostprocessing = 0;
		};
		0754B8F92AAC744800C8787D /* Sources */ = {
			isa = PBXSourcesBuildPhase;
			buildActionMask = 2147483647;
			files = (
				0754B9022AAC744800C8787D /* AISleepStoryTests.swift in Sources */,
			);
			runOnlyForDeploymentPostprocessing = 0;
		};
		0754B9032AAC744800C8787D /* Sources */ = {
			isa = PBXSourcesBuildPhase;
			buildActionMask = 2147483647;
			files = (
				0754B90E2AAC744800C8787D /* AISleepStoryUITestsLaunchTests.swift in Sources */,
				0754B90C2AAC744800C8787D /* AISleepStoryUITests.swift in Sources */,
			);
			runOnlyForDeploymentPostprocessing = 0;
		};
/* End PBXSourcesBuildPhase section */

/* Begin PBXTargetDependency section */
		0754B8FF2AAC744800C8787D /* PBXTargetDependency */ = {
			isa = PBXTargetDependency;
			target = 0754B8EC2AAC744400C8787D /* AISleepStory */;
			targetProxy = 0754B8FE2AAC744800C8787D /* PBXContainerItemProxy */;
		};
		0754B9092AAC744800C8787D /* PBXTargetDependency */ = {
			isa = PBXTargetDependency;
			target = 0754B8EC2AAC744400C8787D /* AISleepStory */;
			targetProxy = 0754B9082AAC744800C8787D /* PBXContainerItemProxy */;
		};
/* End PBXTargetDependency section */

/* Begin XCBuildConfiguration section */
		0754B90F2AAC744800C8787D /* Debug */ = {
			isa = XCBuildConfiguration;
			buildSettings = {
				ALWAYS_SEARCH_USER_PATHS = NO;
				CLANG_ANALYZER_NONNULL = YES;
				CLANG_ANALYZER_NUMBER_OBJECT_CONVERSION = YES_AGGRESSIVE;
				CLANG_CXX_LANGUAGE_STANDARD = "gnu++20";
				CLANG_ENABLE_MODULES = YES;
				CLANG_ENABLE_OBJC_ARC = YES;
				CLANG_ENABLE_OBJC_WEAK = YES;
				CLANG_WARN_BLOCK_CAPTURE_AUTORELEASING = YES;
				CLANG_WARN_BOOL_CONVERSION = YES;
				CLANG_WARN_COMMA = YES;
				CLANG_WARN_CONSTANT_CONVERSION = YES;
				CLANG_WARN_DEPRECATED_OBJC_IMPLEMENTATIONS = YES;
				CLANG_WARN_DIRECT_OBJC_ISA_USAGE = YES_ERROR;
				CLANG_WARN_DOCUMENTATION_COMMENTS = YES;
				CLANG_WARN_EMPTY_BODY = YES;
				CLANG_WARN_ENUM_CONVERSION = YES;
				CLANG_WARN_INFINITE_RECURSION = YES;
				CLANG_WARN_INT_CONVERSION = YES;
				CLANG_WARN_NON_LITERAL_NULL_CONVERSION = YES;
				CLANG_WARN_OBJC_IMPLICIT_RETAIN_SELF = YES;
				CLANG_WARN_OBJC_LITERAL_CONVERSION = YES;
				CLANG_WARN_OBJC_ROOT_CLASS = YES_ERROR;
				CLANG_WARN_QUOTED_INCLUDE_IN_FRAMEWORK_HEADER = YES;
				CLANG_WARN_RANGE_LOOP_ANALYSIS = YES;
				CLANG_WARN_STRICT_PROTOTYPES = YES;
				CLANG_WARN_SUSPICIOUS_MOVE = YES;
				CLANG_WARN_UNGUARDED_AVAILABILITY = YES_AGGRESSIVE;
				CLANG_WARN_UNREACHABLE_CODE = YES;
				CLANG_WARN__DUPLICATE_METHOD_MATCH = YES;
				COPY_PHASE_STRIP = NO;
				DEBUG_INFORMATION_FORMAT = dwarf;
				ENABLE_STRICT_OBJC_MSGSEND = YES;
				ENABLE_TESTABILITY = YES;
				GCC_C_LANGUAGE_STANDARD = gnu11;
				GCC_DYNAMIC_NO_PIC = NO;
				GCC_NO_COMMON_BLOCKS = YES;
				GCC_OPTIMIZATION_LEVEL = 0;
				GCC_PREPROCESSOR_DEFINITIONS = (
					"DEBUG=1",
					"$(inherited)",
				);
				GCC_WARN_64_TO_32_BIT_CONVERSION = YES;
				GCC_WARN_ABOUT_RETURN_TYPE = YES_ERROR;
				GCC_WARN_UNDECLARED_SELECTOR = YES;
				GCC_WARN_UNINITIALIZED_AUTOS = YES_AGGRESSIVE;
				GCC_WARN_UNUSED_FUNCTION = YES;
				GCC_WARN_UNUSED_VARIABLE = YES;
				IPHONEOS_DEPLOYMENT_TARGET = 16.2;
				MTL_ENABLE_DEBUG_INFO = INCLUDE_SOURCE;
				MTL_FAST_MATH = YES;
				ONLY_ACTIVE_ARCH = YES;
				SDKROOT = iphoneos;
				SWIFT_ACTIVE_COMPILATION_CONDITIONS = DEBUG;
				SWIFT_OBJC_INTEROP_MODE = objcxx;
				SWIFT_OPTIMIZATION_LEVEL = "-Onone";
			};
			name = Debug;
		};
		0754B9102AAC744800C8787D /* Release */ = {
			isa = XCBuildConfiguration;
			buildSettings = {
				ALWAYS_SEARCH_USER_PATHS = NO;
				CLANG_ANALYZER_NONNULL = YES;
				CLANG_ANALYZER_NUMBER_OBJECT_CONVERSION = YES_AGGRESSIVE;
				CLANG_CXX_LANGUAGE_STANDARD = "gnu++20";
				CLANG_ENABLE_MODULES = YES;
				CLANG_ENABLE_OBJC_ARC = YES;
				CLANG_ENABLE_OBJC_WEAK = YES;
				CLANG_WARN_BLOCK_CAPTURE_AUTORELEASING = YES;
				CLANG_WARN_BOOL_CONVERSION = YES;
				CLANG_WARN_COMMA = YES;
				CLANG_WARN_CONSTANT_CONVERSION = YES;
				CLANG_WARN_DEPRECATED_OBJC_IMPLEMENTATIONS = YES;
				CLANG_WARN_DIRECT_OBJC_ISA_USAGE = YES_ERROR;
				CLANG_WARN_DOCUMENTATION_COMMENTS = YES;
				CLANG_WARN_EMPTY_BODY = YES;
				CLANG_WARN_ENUM_CONVERSION = YES;
				CLANG_WARN_INFINITE_RECURSION = YES;
				CLANG_WARN_INT_CONVERSION = YES;
				CLANG_WARN_NON_LITERAL_NULL_CONVERSION = YES;
				CLANG_WARN_OBJC_IMPLICIT_RETAIN_SELF = YES;
				CLANG_WARN_OBJC_LITERAL_CONVERSION = YES;
				CLANG_WARN_OBJC_ROOT_CLASS = YES_ERROR;
				CLANG_WARN_QUOTED_INCLUDE_IN_FRAMEWORK_HEADER = YES;
				CLANG_WARN_RANGE_LOOP_ANALYSIS = YES;
				CLANG_WARN_STRICT_PROTOTYPES = YES;
				CLANG_WARN_SUSPICIOUS_MOVE = YES;
				CLANG_WARN_UNGUARDED_AVAILABILITY = YES_AGGRESSIVE;
				CLANG_WARN_UNREACHABLE_CODE = YES;
				CLANG_WARN__DUPLICATE_METHOD_MATCH = YES;
				COPY_PHASE_STRIP = NO;
				DEBUG_INFORMATION_FORMAT = "dwarf-with-dsym";
				ENABLE_NS_ASSERTIONS = NO;
				ENABLE_STRICT_OBJC_MSGSEND = YES;
				GCC_C_LANGUAGE_STANDARD = gnu11;
				GCC_NO_COMMON_BLOCKS = YES;
				GCC_WARN_64_TO_32_BIT_CONVERSION = YES;
				GCC_WARN_ABOUT_RETURN_TYPE = YES_ERROR;
				GCC_WARN_UNDECLARED_SELECTOR = YES;
				GCC_WARN_UNINITIALIZED_AUTOS = YES_AGGRESSIVE;
				GCC_WARN_UNUSED_FUNCTION = YES;
				GCC_WARN_UNUSED_VARIABLE = YES;
				IPHONEOS_DEPLOYMENT_TARGET = 16.2;
				MTL_ENABLE_DEBUG_INFO = NO;
				MTL_FAST_MATH = YES;
				SDKROOT = iphoneos;
				SWIFT_COMPILATION_MODE = wholemodule;
				SWIFT_OBJC_INTEROP_MODE = objcxx;
				SWIFT_OPTIMIZATION_LEVEL = "-O";
				VALIDATE_PRODUCT = YES;
			};
			name = Release;
		};
		0754B9122AAC744800C8787D /* Debug */ = {
			isa = XCBuildConfiguration;
			baseConfigurationReference = A8AA957558D433D14EB2993B /* Pods-AISleepStory.debug.xcconfig */;
			buildSettings = {
				ASSETCATALOG_COMPILER_APPICON_NAME = AppIcon;
				ASSETCATALOG_COMPILER_GLOBAL_ACCENT_COLOR_NAME = AccentColor;
				CODE_SIGN_IDENTITY = "Apple Development";
				CODE_SIGN_STYLE = Automatic;
				CURRENT_PROJECT_VERSION = 3;
				DEVELOPMENT_ASSET_PATHS = "\"AISleepStory/Preview Content\"";
				DEVELOPMENT_TEAM = EP73U6E2WX;
				ENABLE_PREVIEWS = YES;
				GENERATE_INFOPLIST_FILE = YES;
				INFOPLIST_FILE = AISleepStory/Info.plist;
				INFOPLIST_KEY_UIApplicationSceneManifest_Generation = YES;
				INFOPLIST_KEY_UIApplicationSupportsIndirectInputEvents = YES;
				INFOPLIST_KEY_UILaunchScreen_Generation = YES;
				INFOPLIST_KEY_UILaunchStoryboardName = "Launch Screen.storyboard";
				INFOPLIST_KEY_UISupportedInterfaceOrientations = UIInterfaceOrientationPortrait;
				IPHONEOS_DEPLOYMENT_TARGET = 16.0;
				LD_RUNPATH_SEARCH_PATHS = (
					"$(inherited)",
					"@executable_path/Frameworks",
				);
				LIBRARY_SEARCH_PATHS = (
					"$(inherited)",
					"$(PROJECT_DIR)/AISleepStory/Common/IAPHelper/openssl/openssl-lib",
				);
				MARKETING_VERSION = 1.0;
				PRODUCT_BUNDLE_IDENTIFIER = com.baimiao.AISleepStory;
				PRODUCT_NAME = "$(TARGET_NAME)";
				PROVISIONING_PROFILE_SPECIFIER = "";
				SWIFT_EMIT_LOC_STRINGS = YES;
				SWIFT_OBJC_BRIDGING_HEADER = "";
				SWIFT_OBJC_INTEROP_MODE = objcxx;
				SWIFT_VERSION = 5.0;
				TARGETED_DEVICE_FAMILY = 1;
			};
			name = Debug;
		};
		0754B9132AAC744800C8787D /* Release */ = {
			isa = XCBuildConfiguration;
			baseConfigurationReference = 7511DFB43F2C1B21902C8D1D /* Pods-AISleepStory.release.xcconfig */;
			buildSettings = {
				ASSETCATALOG_COMPILER_APPICON_NAME = AppIcon;
				ASSETCATALOG_COMPILER_GLOBAL_ACCENT_COLOR_NAME = AccentColor;
				"CODE_SIGN_IDENTITY[sdk=iphoneos*]" = "iPhone Distribution";
				CODE_SIGN_STYLE = Manual;
				CURRENT_PROJECT_VERSION = 3;
				DEVELOPMENT_ASSET_PATHS = "\"AISleepStory/Preview Content\"";
				DEVELOPMENT_TEAM = "";
				"DEVELOPMENT_TEAM[sdk=iphoneos*]" = EP73U6E2WX;
				ENABLE_PREVIEWS = YES;
				GENERATE_INFOPLIST_FILE = YES;
				INFOPLIST_FILE = AISleepStory/Info.plist;
				INFOPLIST_KEY_UIApplicationSceneManifest_Generation = YES;
				INFOPLIST_KEY_UIApplicationSupportsIndirectInputEvents = YES;
				INFOPLIST_KEY_UILaunchScreen_Generation = YES;
				INFOPLIST_KEY_UILaunchStoryboardName = "Launch Screen.storyboard";
				INFOPLIST_KEY_UISupportedInterfaceOrientations = UIInterfaceOrientationPortrait;
				IPHONEOS_DEPLOYMENT_TARGET = 16.0;
				LD_RUNPATH_SEARCH_PATHS = (
					"$(inherited)",
					"@executable_path/Frameworks",
				);
				LIBRARY_SEARCH_PATHS = (
					"$(inherited)",
					"$(PROJECT_DIR)/AISleepStory/Common/IAPHelper/openssl/openssl-lib",
				);
				MARKETING_VERSION = 1.0;
				PRODUCT_BUNDLE_IDENTIFIER = com.baimiao.AISleepStory;
				PRODUCT_NAME = "$(TARGET_NAME)";
				PROVISIONING_PROFILE_SPECIFIER = "";
				"PROVISIONING_PROFILE_SPECIFIER[sdk=iphoneos*]" = AISpeakEvery;
				SWIFT_EMIT_LOC_STRINGS = YES;
				SWIFT_OBJC_BRIDGING_HEADER = "";
				SWIFT_OBJC_INTEROP_MODE = objcxx;
				SWIFT_VERSION = 5.0;
				TARGETED_DEVICE_FAMILY = 1;
			};
			name = Release;
		};
		0754B9152AAC744800C8787D /* Debug */ = {
			isa = XCBuildConfiguration;
			baseConfigurationReference = 44B443FE1F60D2D69C5FD0BD /* Pods-AISleepStoryTests.debug.xcconfig */;
			buildSettings = {
				ALWAYS_EMBED_SWIFT_STANDARD_LIBRARIES = YES;
				BUNDLE_LOADER = "$(TEST_HOST)";
				CODE_SIGN_STYLE = Automatic;
				CURRENT_PROJECT_VERSION = 1;
				DEVELOPMENT_TEAM = EP73U6E2WX;
				GENERATE_INFOPLIST_FILE = YES;
				IPHONEOS_DEPLOYMENT_TARGET = 16.2;
				MARKETING_VERSION = 1.0;
				PRODUCT_BUNDLE_IDENTIFIER = com.baimiao.xu.AISleepStoryTests;
				PRODUCT_NAME = "$(TARGET_NAME)";
				SWIFT_EMIT_LOC_STRINGS = NO;
				SWIFT_VERSION = 5.0;
				TARGETED_DEVICE_FAMILY = "1,2";
				TEST_HOST = "$(BUILT_PRODUCTS_DIR)/AISleepStory.app/$(BUNDLE_EXECUTABLE_FOLDER_PATH)/AISleepStory";
			};
			name = Debug;
		};
		0754B9162AAC744800C8787D /* Release */ = {
			isa = XCBuildConfiguration;
			baseConfigurationReference = A2A472481ECA331E2518F897 /* Pods-AISleepStoryTests.release.xcconfig */;
			buildSettings = {
				ALWAYS_EMBED_SWIFT_STANDARD_LIBRARIES = YES;
				BUNDLE_LOADER = "$(TEST_HOST)";
				CODE_SIGN_STYLE = Automatic;
				CURRENT_PROJECT_VERSION = 1;
				DEVELOPMENT_TEAM = EP73U6E2WX;
				GENERATE_INFOPLIST_FILE = YES;
				IPHONEOS_DEPLOYMENT_TARGET = 16.2;
				MARKETING_VERSION = 1.0;
				PRODUCT_BUNDLE_IDENTIFIER = com.baimiao.xu.AISleepStoryTests;
				PRODUCT_NAME = "$(TARGET_NAME)";
				SWIFT_EMIT_LOC_STRINGS = NO;
				SWIFT_VERSION = 5.0;
				TARGETED_DEVICE_FAMILY = "1,2";
				TEST_HOST = "$(BUILT_PRODUCTS_DIR)/AISleepStory.app/$(BUNDLE_EXECUTABLE_FOLDER_PATH)/AISleepStory";
			};
			name = Release;
		};
		0754B9182AAC744800C8787D /* Debug */ = {
			isa = XCBuildConfiguration;
			baseConfigurationReference = 22268B8A704F2C0BB9917623 /* Pods-AISleepStory-AISleepStoryUITests.debug.xcconfig */;
			buildSettings = {
				ALWAYS_EMBED_SWIFT_STANDARD_LIBRARIES = YES;
				CODE_SIGN_STYLE = Automatic;
				CURRENT_PROJECT_VERSION = 1;
				DEVELOPMENT_TEAM = EP73U6E2WX;
				GENERATE_INFOPLIST_FILE = YES;
				MARKETING_VERSION = 1.0;
				PRODUCT_BUNDLE_IDENTIFIER = com.baimiao.xu.AISleepStoryUITests;
				PRODUCT_NAME = "$(TARGET_NAME)";
				SWIFT_EMIT_LOC_STRINGS = NO;
				SWIFT_VERSION = 5.0;
				TARGETED_DEVICE_FAMILY = "1,2";
				TEST_TARGET_NAME = AISleepStory;
			};
			name = Debug;
		};
		0754B9192AAC744800C8787D /* Release */ = {
			isa = XCBuildConfiguration;
			baseConfigurationReference = 2B57787836A60B420ACEFBF3 /* Pods-AISleepStory-AISleepStoryUITests.release.xcconfig */;
			buildSettings = {
				ALWAYS_EMBED_SWIFT_STANDARD_LIBRARIES = YES;
				CODE_SIGN_STYLE = Automatic;
				CURRENT_PROJECT_VERSION = 1;
				DEVELOPMENT_TEAM = EP73U6E2WX;
				GENERATE_INFOPLIST_FILE = YES;
				MARKETING_VERSION = 1.0;
				PRODUCT_BUNDLE_IDENTIFIER = com.baimiao.xu.AISleepStoryUITests;
				PRODUCT_NAME = "$(TARGET_NAME)";
				SWIFT_EMIT_LOC_STRINGS = NO;
				SWIFT_VERSION = 5.0;
				TARGETED_DEVICE_FAMILY = "1,2";
				TEST_TARGET_NAME = AISleepStory;
			};
			name = Release;
		};
/* End XCBuildConfiguration section */

/* Begin XCConfigurationList section */
		0754B8E82AAC744400C8787D /* Build configuration list for PBXProject "AISleepStory" */ = {
			isa = XCConfigurationList;
			buildConfigurations = (
				0754B90F2AAC744800C8787D /* Debug */,
				0754B9102AAC744800C8787D /* Release */,
			);
			defaultConfigurationIsVisible = 0;
			defaultConfigurationName = Release;
		};
		0754B9112AAC744800C8787D /* Build configuration list for PBXNativeTarget "AISleepStory" */ = {
			isa = XCConfigurationList;
			buildConfigurations = (
				0754B9122AAC744800C8787D /* Debug */,
				0754B9132AAC744800C8787D /* Release */,
			);
			defaultConfigurationIsVisible = 0;
			defaultConfigurationName = Release;
		};
		0754B9142AAC744800C8787D /* Build configuration list for PBXNativeTarget "AISleepStoryTests" */ = {
			isa = XCConfigurationList;
			buildConfigurations = (
				0754B9152AAC744800C8787D /* Debug */,
				0754B9162AAC744800C8787D /* Release */,
			);
			defaultConfigurationIsVisible = 0;
			defaultConfigurationName = Release;
		};
		0754B9172AAC744800C8787D /* Build configuration list for PBXNativeTarget "AISleepStoryUITests" */ = {
			isa = XCConfigurationList;
			buildConfigurations = (
				0754B9182AAC744800C8787D /* Debug */,
				0754B9192AAC744800C8787D /* Release */,
			);
			defaultConfigurationIsVisible = 0;
			defaultConfigurationName = Release;
		};
/* End XCConfigurationList section */
	};
	rootObject = 0754B8E52AAC744400C8787D /* Project object */;
}
